
Microsoft Visual Studio Solution File, Format Version 12.00
# Visual Studio Version 17
VisualStudioVersion = 17.7.34031.279
MinimumVisualStudioVersion = 10.0.40219.1
Project("{F184B08F-C81C-45F6-A57F-5ABD9991F28F}") = "CCT_VIOLATION_SYSTEM", "CCT_VIOLATION_SYSTEM\CCT_VIOLATION_SYSTEM.vbproj", "{80974D69-CA51-4A98-AFF4-3EF8EEC6AC61}"
EndProject
Global
	GlobalSection(SolutionConfigurationPlatforms) = preSolution
		Debug|Any CPU = Debug|Any CPU
		Release|Any CPU = Release|Any CPU
	EndGlobalSection
	GlobalSection(ProjectConfigurationPlatforms) = postSolution
		{80974D69-CA51-4A98-AFF4-3EF8EEC6AC61}.Debug|Any CPU.ActiveCfg = Debug|Any CPU
		{80974D69-CA51-4A98-AFF4-3EF8EEC6AC61}.Debug|Any CPU.Build.0 = Debug|Any CPU
		{80974D69-CA51-4A98-AFF4-3EF8EEC6AC61}.Release|Any CPU.ActiveCfg = Release|Any CPU
		{80974D69-CA51-4A98-AFF4-3EF8EEC6AC61}.Release|Any CPU.Build.0 = Release|Any CPU
	EndGlobalSection
	GlobalSection(SolutionProperties) = preSolution
		HideSolutionNode = FALSE
	EndGlobalSection
	GlobalSection(ExtensibilityGlobals) = postSolution
		SolutionGuid = {7C0ED90B-B54A-4FBC-BA44-892FC5B0917C}
	EndGlobalSection
EndGlobal
